
Microsoft Visual Studio Solution File, Format Version 12.00
# Visual Studio Version 17
VisualStudioVersion = 17.5.002.0
MinimumVisualStudioVersion = 10.0.40219.1
Project("{9A19103F-16F7-4668-BE54-9A1E7A4F7556}") = "Exec1047", "Exec1047.csproj", "{4146E14A-84C6-4548-9E57-052B903DA6CF}"
EndProject
Global
	GlobalSection(SolutionConfigurationPlatforms) = preSolution
		Debug|Any CPU = Debug|Any CPU
		Release|Any CPU = Release|Any CPU
	EndGlobalSection
	GlobalSection(ProjectConfigurationPlatforms) = postSolution
		{4146E14A-84C6-4548-9E57-052B903DA6CF}.Debug|Any CPU.ActiveCfg = Debug|Any CPU
		{4146E14A-84C6-4548-9E57-052B903DA6CF}.Debug|Any CPU.Build.0 = Debug|Any CPU
		{4146E14A-84C6-4548-9E57-052B903DA6CF}.Release|Any CPU.ActiveCfg = Release|Any CPU
		{4146E14A-84C6-4548-9E57-052B903DA6CF}.Release|Any CPU.Build.0 = Release|Any CPU
	EndGlobalSection
	GlobalSection(SolutionProperties) = preSolution
		HideSolutionNode = FALSE
	EndGlobalSection
	GlobalSection(ExtensibilityGlobals) = postSolution
		SolutionGuid = {58393B2C-6F8E-47C8-94DF-B6795DC8507C}
	EndGlobalSection
EndGlobal
