
Microsoft Visual Studio Solution File, Format Version 12.00
# Visual Studio Version 17
VisualStudioVersion = 17.5.002.0
MinimumVisualStudioVersion = 10.0.40219.1
Project("{9A19103F-16F7-4668-BE54-9A1E7A4F7556}") = "Exec1035", "Exec1035.csproj", "{F4CD3AD0-BCD4-4925-A5D7-75C016275C34}"
EndProject
Global
	GlobalSection(SolutionConfigurationPlatforms) = preSolution
		Debug|Any CPU = Debug|Any CPU
		Release|Any CPU = Release|Any CPU
	EndGlobalSection
	GlobalSection(ProjectConfigurationPlatforms) = postSolution
		{F4CD3AD0-BCD4-4925-A5D7-75C016275C34}.Debug|Any CPU.ActiveCfg = Debug|Any CPU
		{F4CD3AD0-BCD4-4925-A5D7-75C016275C34}.Debug|Any CPU.Build.0 = Debug|Any CPU
		{F4CD3AD0-BCD4-4925-A5D7-75C016275C34}.Release|Any CPU.ActiveCfg = Release|Any CPU
		{F4CD3AD0-BCD4-4925-A5D7-75C016275C34}.Release|Any CPU.Build.0 = Release|Any CPU
	EndGlobalSection
	GlobalSection(SolutionProperties) = preSolution
		HideSolutionNode = FALSE
	EndGlobalSection
	GlobalSection(ExtensibilityGlobals) = postSolution
		SolutionGuid = {733069C0-7C96-4BE9-B5B3-5964F9D7C8D8}
	EndGlobalSection
EndGlobal
