
Microsoft Visual Studio Solution File, Format Version 12.00
# Visual Studio Version 17
VisualStudioVersion = 17.5.002.0
MinimumVisualStudioVersion = 10.0.40219.1
Project("{9A19103F-16F7-4668-BE54-9A1E7A4F7556}") = "Vetor5", "Vetor5.csproj", "{EF1488EC-7556-4A4C-8160-E7ED9A72125D}"
EndProject
Global
	GlobalSection(SolutionConfigurationPlatforms) = preSolution
		Debug|Any CPU = Debug|Any CPU
		Release|Any CPU = Release|Any CPU
	EndGlobalSection
	GlobalSection(ProjectConfigurationPlatforms) = postSolution
		{EF1488EC-7556-4A4C-8160-E7ED9A72125D}.Debug|Any CPU.ActiveCfg = Debug|Any CPU
		{EF1488EC-7556-4A4C-8160-E7ED9A72125D}.Debug|Any CPU.Build.0 = Debug|Any CPU
		{EF1488EC-7556-4A4C-8160-E7ED9A72125D}.Release|Any CPU.ActiveCfg = Release|Any CPU
		{EF1488EC-7556-4A4C-8160-E7ED9A72125D}.Release|Any CPU.Build.0 = Release|Any CPU
	EndGlobalSection
	GlobalSection(SolutionProperties) = preSolution
		HideSolutionNode = FALSE
	EndGlobalSection
	GlobalSection(ExtensibilityGlobals) = postSolution
		SolutionGuid = {2132DC44-28A5-4E4A-AFBA-569092CCE746}
	EndGlobalSection
EndGlobal
