
Microsoft Visual Studio Solution File, Format Version 12.00
# Visual Studio Version 17
VisualStudioVersion = 17.5.002.0
MinimumVisualStudioVersion = 10.0.40219.1
Project("{9A19103F-16F7-4668-BE54-9A1E7A4F7556}") = "MatrizResolvido4", "MatrizResolvido4.csproj", "{F23419B2-F1F1-432F-BF0B-70BC6E404303}"
EndProject
Global
	GlobalSection(SolutionConfigurationPlatforms) = preSolution
		Debug|Any CPU = Debug|Any CPU
		Release|Any CPU = Release|Any CPU
	EndGlobalSection
	GlobalSection(ProjectConfigurationPlatforms) = postSolution
		{F23419B2-F1F1-432F-BF0B-70BC6E404303}.Debug|Any CPU.ActiveCfg = Debug|Any CPU
		{F23419B2-F1F1-432F-BF0B-70BC6E404303}.Debug|Any CPU.Build.0 = Debug|Any CPU
		{F23419B2-F1F1-432F-BF0B-70BC6E404303}.Release|Any CPU.ActiveCfg = Release|Any CPU
		{F23419B2-F1F1-432F-BF0B-70BC6E404303}.Release|Any CPU.Build.0 = Release|Any CPU
	EndGlobalSection
	GlobalSection(SolutionProperties) = preSolution
		HideSolutionNode = FALSE
	EndGlobalSection
	GlobalSection(ExtensibilityGlobals) = postSolution
		SolutionGuid = {B2CA43AD-13C3-4675-A3E1-B84700B68BBA}
	EndGlobalSection
EndGlobal
