
Microsoft Visual Studio Solution File, Format Version 12.00
# Visual Studio Version 17
VisualStudioVersion = 17.5.002.0
MinimumVisualStudioVersion = 10.0.40219.1
Project("{9A19103F-16F7-4668-BE54-9A1E7A4F7556}") = "Exec1041", "Exec1041.csproj", "{70F14BBC-9DE6-4068-BAFA-5BC047F27DE4}"
EndProject
Global
	GlobalSection(SolutionConfigurationPlatforms) = preSolution
		Debug|Any CPU = Debug|Any CPU
		Release|Any CPU = Release|Any CPU
	EndGlobalSection
	GlobalSection(ProjectConfigurationPlatforms) = postSolution
		{70F14BBC-9DE6-4068-BAFA-5BC047F27DE4}.Debug|Any CPU.ActiveCfg = Debug|Any CPU
		{70F14BBC-9DE6-4068-BAFA-5BC047F27DE4}.Debug|Any CPU.Build.0 = Debug|Any CPU
		{70F14BBC-9DE6-4068-BAFA-5BC047F27DE4}.Release|Any CPU.ActiveCfg = Release|Any CPU
		{70F14BBC-9DE6-4068-BAFA-5BC047F27DE4}.Release|Any CPU.Build.0 = Release|Any CPU
	EndGlobalSection
	GlobalSection(SolutionProperties) = preSolution
		HideSolutionNode = FALSE
	EndGlobalSection
	GlobalSection(ExtensibilityGlobals) = postSolution
		SolutionGuid = {1C9AE9B1-8850-4C6A-A3AC-EF3506717AFF}
	EndGlobalSection
EndGlobal
