
Microsoft Visual Studio Solution File, Format Version 12.00
# Visual Studio Version 17
VisualStudioVersion = 17.5.002.0
MinimumVisualStudioVersion = 10.0.40219.1
Project("{9A19103F-16F7-4668-BE54-9A1E7A4F7556}") = "Exec1036", "Exec1036.csproj", "{D6BF62B0-9F8C-4CAF-8D8F-A9537D479CFF}"
EndProject
Global
	GlobalSection(SolutionConfigurationPlatforms) = preSolution
		Debug|Any CPU = Debug|Any CPU
		Release|Any CPU = Release|Any CPU
	EndGlobalSection
	GlobalSection(ProjectConfigurationPlatforms) = postSolution
		{D6BF62B0-9F8C-4CAF-8D8F-A9537D479CFF}.Debug|Any CPU.ActiveCfg = Debug|Any CPU
		{D6BF62B0-9F8C-4CAF-8D8F-A9537D479CFF}.Debug|Any CPU.Build.0 = Debug|Any CPU
		{D6BF62B0-9F8C-4CAF-8D8F-A9537D479CFF}.Release|Any CPU.ActiveCfg = Release|Any CPU
		{D6BF62B0-9F8C-4CAF-8D8F-A9537D479CFF}.Release|Any CPU.Build.0 = Release|Any CPU
	EndGlobalSection
	GlobalSection(SolutionProperties) = preSolution
		HideSolutionNode = FALSE
	EndGlobalSection
	GlobalSection(ExtensibilityGlobals) = postSolution
		SolutionGuid = {68861876-AD53-41BB-B699-5C4A9399887E}
	EndGlobalSection
EndGlobal
